
Microsoft Visual Studio Solution File, Format Version 12.00
# Visual Studio Version 17
VisualStudioVersion = 17.0.32112.339
MinimumVisualStudioVersion = 10.0.40219.1
Project("{2150E333-8FDC-42A3-9474-1A3956D46DE8}") = "Lib", "Lib", "{6F7A09E6-2D67-4A28-BBE1-F36A4A22D55C}"
EndProject
Project("{9A19103F-16F7-4668-BE54-9A1E7A4F7556}") = "Media", "Lib\Media\Media.csproj", "{536B0CE0-800D-4AF9-8437-806AE532C5E5}"
EndProject
Project("{9A19103F-16F7-4668-BE54-9A1E7A4F7556}") = "DataAccess", "Lib\DataAccess\DataAccess.csproj", "{72F8BD68-A455-4277-A604-3D0941DE578F}"
EndProject
Project("{00D1A9C2-B5F0-4AF3-8072-F6C62B433612}") = "Database", "Lib\Database\Database.sqlproj", "{88847F56-C7F1-4069-A165-FD8F319F7EC4}"
EndProject
Project("{9A19103F-16F7-4668-BE54-9A1E7A4F7556}") = "Public", "Public\Public.csproj", "{570D2044-8872-43DD-AC50-20E6F913782A}"
EndProject
Project("{9A19103F-16F7-4668-BE54-9A1E7A4F7556}") = "Static", "Static\Static.csproj", "{624C8B3B-6E74-4D07-9038-1D54103C0694}"
EndProject
Project("{9A19103F-16F7-4668-BE54-9A1E7A4F7556}") = "API", "API\API.csproj", "{B7A78013-AD03-4B3D-B10D-BF42325C7B26}"
EndProject
Project("{54A90642-561A-4BB1-A94E-469ADEE60C69}") = "CMS", "CMS\CMS.esproj", "{21CBF229-6EDB-4795-B121-B1CFC0B5607A}"
EndProject
Project("{2150E333-8FDC-42A3-9474-1A3956D46DE8}") = "Src", "Src", "{C56EFC75-C71C-486C-A856-DA641FEF4B32}"
EndProject
Project("{2150E333-8FDC-42A3-9474-1A3956D46DE8}") = "Presentation", "Presentation", "{F124BF3A-046E-4DF6-9F29-71B7ED1C8F9E}"
EndProject
Project("{9A19103F-16F7-4668-BE54-9A1E7A4F7556}") = "Core", "Src\Core\Core.csproj", "{8A314D18-8FA0-4D17-AA0F-CB5A1979EBA1}"
EndProject
Project("{54A90642-561A-4BB1-A94E-469ADEE60C69}") = "CMS", "Src\Presentation\CMS\CMS.esproj", "{80060908-AE06-4A9E-BEB3-63797FBF43C6}"
EndProject
Project("{9A19103F-16F7-4668-BE54-9A1E7A4F7556}") = "PublicWeb", "Src\Presentation\PublicWeb\PublicWeb.csproj", "{D0A324FE-1E4D-47F7-8244-BF28D72F59DB}"
EndProject
Global
	GlobalSection(SolutionConfigurationPlatforms) = preSolution
		Debug|Any CPU = Debug|Any CPU
		Debug|x64 = Debug|x64
		Debug|x86 = Debug|x86
		Release|Any CPU = Release|Any CPU
		Release|x64 = Release|x64
		Release|x86 = Release|x86
	EndGlobalSection
	GlobalSection(ProjectConfigurationPlatforms) = postSolution
		{536B0CE0-800D-4AF9-8437-806AE532C5E5}.Debug|Any CPU.ActiveCfg = Debug|Any CPU
		{536B0CE0-800D-4AF9-8437-806AE532C5E5}.Debug|Any CPU.Build.0 = Debug|Any CPU
		{536B0CE0-800D-4AF9-8437-806AE532C5E5}.Debug|x64.ActiveCfg = Debug|Any CPU
		{536B0CE0-800D-4AF9-8437-806AE532C5E5}.Debug|x64.Build.0 = Debug|Any CPU
		{536B0CE0-800D-4AF9-8437-806AE532C5E5}.Debug|x86.ActiveCfg = Debug|Any CPU
		{536B0CE0-800D-4AF9-8437-806AE532C5E5}.Debug|x86.Build.0 = Debug|Any CPU
		{536B0CE0-800D-4AF9-8437-806AE532C5E5}.Release|Any CPU.ActiveCfg = Release|Any CPU
		{536B0CE0-800D-4AF9-8437-806AE532C5E5}.Release|Any CPU.Build.0 = Release|Any CPU
		{536B0CE0-800D-4AF9-8437-806AE532C5E5}.Release|x64.ActiveCfg = Release|Any CPU
		{536B0CE0-800D-4AF9-8437-806AE532C5E5}.Release|x64.Build.0 = Release|Any CPU
		{536B0CE0-800D-4AF9-8437-806AE532C5E5}.Release|x86.ActiveCfg = Release|Any CPU
		{536B0CE0-800D-4AF9-8437-806AE532C5E5}.Release|x86.Build.0 = Release|Any CPU
		{72F8BD68-A455-4277-A604-3D0941DE578F}.Debug|Any CPU.ActiveCfg = Debug|Any CPU
		{72F8BD68-A455-4277-A604-3D0941DE578F}.Debug|Any CPU.Build.0 = Debug|Any CPU
		{72F8BD68-A455-4277-A604-3D0941DE578F}.Debug|x64.ActiveCfg = Debug|Any CPU
		{72F8BD68-A455-4277-A604-3D0941DE578F}.Debug|x64.Build.0 = Debug|Any CPU
		{72F8BD68-A455-4277-A604-3D0941DE578F}.Debug|x86.ActiveCfg = Debug|Any CPU
		{72F8BD68-A455-4277-A604-3D0941DE578F}.Debug|x86.Build.0 = Debug|Any CPU
		{72F8BD68-A455-4277-A604-3D0941DE578F}.Release|Any CPU.ActiveCfg = Release|Any CPU
		{72F8BD68-A455-4277-A604-3D0941DE578F}.Release|Any CPU.Build.0 = Release|Any CPU
		{72F8BD68-A455-4277-A604-3D0941DE578F}.Release|x64.ActiveCfg = Release|Any CPU
		{72F8BD68-A455-4277-A604-3D0941DE578F}.Release|x64.Build.0 = Release|Any CPU
		{72F8BD68-A455-4277-A604-3D0941DE578F}.Release|x86.ActiveCfg = Release|Any CPU
		{72F8BD68-A455-4277-A604-3D0941DE578F}.Release|x86.Build.0 = Release|Any CPU
		{88847F56-C7F1-4069-A165-FD8F319F7EC4}.Debug|Any CPU.ActiveCfg = Debug|Any CPU
		{88847F56-C7F1-4069-A165-FD8F319F7EC4}.Debug|Any CPU.Build.0 = Debug|Any CPU
		{88847F56-C7F1-4069-A165-FD8F319F7EC4}.Debug|Any CPU.Deploy.0 = Debug|Any CPU
		{88847F56-C7F1-4069-A165-FD8F319F7EC4}.Debug|x64.ActiveCfg = Debug|Any CPU
		{88847F56-C7F1-4069-A165-FD8F319F7EC4}.Debug|x64.Build.0 = Debug|Any CPU
		{88847F56-C7F1-4069-A165-FD8F319F7EC4}.Debug|x64.Deploy.0 = Debug|Any CPU
		{88847F56-C7F1-4069-A165-FD8F319F7EC4}.Debug|x86.ActiveCfg = Debug|Any CPU
		{88847F56-C7F1-4069-A165-FD8F319F7EC4}.Debug|x86.Build.0 = Debug|Any CPU
		{88847F56-C7F1-4069-A165-FD8F319F7EC4}.Debug|x86.Deploy.0 = Debug|Any CPU
		{88847F56-C7F1-4069-A165-FD8F319F7EC4}.Release|Any CPU.ActiveCfg = Release|Any CPU
		{88847F56-C7F1-4069-A165-FD8F319F7EC4}.Release|Any CPU.Build.0 = Release|Any CPU
		{88847F56-C7F1-4069-A165-FD8F319F7EC4}.Release|Any CPU.Deploy.0 = Release|Any CPU
		{88847F56-C7F1-4069-A165-FD8F319F7EC4}.Release|x64.ActiveCfg = Release|Any CPU
		{88847F56-C7F1-4069-A165-FD8F319F7EC4}.Release|x64.Build.0 = Release|Any CPU
		{88847F56-C7F1-4069-A165-FD8F319F7EC4}.Release|x64.Deploy.0 = Release|Any CPU
		{88847F56-C7F1-4069-A165-FD8F319F7EC4}.Release|x86.ActiveCfg = Release|Any CPU
		{88847F56-C7F1-4069-A165-FD8F319F7EC4}.Release|x86.Build.0 = Release|Any CPU
		{88847F56-C7F1-4069-A165-FD8F319F7EC4}.Release|x86.Deploy.0 = Release|Any CPU
		{570D2044-8872-43DD-AC50-20E6F913782A}.Debug|Any CPU.ActiveCfg = Debug|Any CPU
		{570D2044-8872-43DD-AC50-20E6F913782A}.Debug|Any CPU.Build.0 = Debug|Any CPU
		{570D2044-8872-43DD-AC50-20E6F913782A}.Debug|x64.ActiveCfg = Debug|Any CPU
		{570D2044-8872-43DD-AC50-20E6F913782A}.Debug|x64.Build.0 = Debug|Any CPU
		{570D2044-8872-43DD-AC50-20E6F913782A}.Debug|x86.ActiveCfg = Debug|Any CPU
		{570D2044-8872-43DD-AC50-20E6F913782A}.Debug|x86.Build.0 = Debug|Any CPU
		{570D2044-8872-43DD-AC50-20E6F913782A}.Release|Any CPU.ActiveCfg = Release|Any CPU
		{570D2044-8872-43DD-AC50-20E6F913782A}.Release|Any CPU.Build.0 = Release|Any CPU
		{570D2044-8872-43DD-AC50-20E6F913782A}.Release|x64.ActiveCfg = Release|Any CPU
		{570D2044-8872-43DD-AC50-20E6F913782A}.Release|x64.Build.0 = Release|Any CPU
		{570D2044-8872-43DD-AC50-20E6F913782A}.Release|x86.ActiveCfg = Release|Any CPU
		{570D2044-8872-43DD-AC50-20E6F913782A}.Release|x86.Build.0 = Release|Any CPU
		{624C8B3B-6E74-4D07-9038-1D54103C0694}.Debug|Any CPU.ActiveCfg = Debug|Any CPU
		{624C8B3B-6E74-4D07-9038-1D54103C0694}.Debug|Any CPU.Build.0 = Debug|Any CPU
		{624C8B3B-6E74-4D07-9038-1D54103C0694}.Debug|x64.ActiveCfg = Debug|Any CPU
		{624C8B3B-6E74-4D07-9038-1D54103C0694}.Debug|x64.Build.0 = Debug|Any CPU
		{624C8B3B-6E74-4D07-9038-1D54103C0694}.Debug|x86.ActiveCfg = Debug|Any CPU
		{624C8B3B-6E74-4D07-9038-1D54103C0694}.Debug|x86.Build.0 = Debug|Any CPU
		{624C8B3B-6E74-4D07-9038-1D54103C0694}.Release|Any CPU.ActiveCfg = Release|Any CPU
		{624C8B3B-6E74-4D07-9038-1D54103C0694}.Release|Any CPU.Build.0 = Release|Any CPU
		{624C8B3B-6E74-4D07-9038-1D54103C0694}.Release|x64.ActiveCfg = Release|Any CPU
		{624C8B3B-6E74-4D07-9038-1D54103C0694}.Release|x64.Build.0 = Release|Any CPU
		{624C8B3B-6E74-4D07-9038-1D54103C0694}.Release|x86.ActiveCfg = Release|Any CPU
		{624C8B3B-6E74-4D07-9038-1D54103C0694}.Release|x86.Build.0 = Release|Any CPU
		{B7A78013-AD03-4B3D-B10D-BF42325C7B26}.Debug|Any CPU.ActiveCfg = Debug|Any CPU
		{B7A78013-AD03-4B3D-B10D-BF42325C7B26}.Debug|Any CPU.Build.0 = Debug|Any CPU
		{B7A78013-AD03-4B3D-B10D-BF42325C7B26}.Debug|x64.ActiveCfg = Debug|Any CPU
		{B7A78013-AD03-4B3D-B10D-BF42325C7B26}.Debug|x64.Build.0 = Debug|Any CPU
		{B7A78013-AD03-4B3D-B10D-BF42325C7B26}.Debug|x86.ActiveCfg = Debug|Any CPU
		{B7A78013-AD03-4B3D-B10D-BF42325C7B26}.Debug|x86.Build.0 = Debug|Any CPU
		{B7A78013-AD03-4B3D-B10D-BF42325C7B26}.Release|Any CPU.ActiveCfg = Release|Any CPU
		{B7A78013-AD03-4B3D-B10D-BF42325C7B26}.Release|Any CPU.Build.0 = Release|Any CPU
		{B7A78013-AD03-4B3D-B10D-BF42325C7B26}.Release|x64.ActiveCfg = Release|Any CPU
		{B7A78013-AD03-4B3D-B10D-BF42325C7B26}.Release|x64.Build.0 = Release|Any CPU
		{B7A78013-AD03-4B3D-B10D-BF42325C7B26}.Release|x86.ActiveCfg = Release|Any CPU
		{B7A78013-AD03-4B3D-B10D-BF42325C7B26}.Release|x86.Build.0 = Release|Any CPU
		{21CBF229-6EDB-4795-B121-B1CFC0B5607A}.Debug|Any CPU.ActiveCfg = Debug|Any CPU
		{21CBF229-6EDB-4795-B121-B1CFC0B5607A}.Debug|Any CPU.Build.0 = Debug|Any CPU
		{21CBF229-6EDB-4795-B121-B1CFC0B5607A}.Debug|Any CPU.Deploy.0 = Debug|Any CPU
		{21CBF229-6EDB-4795-B121-B1CFC0B5607A}.Debug|x64.ActiveCfg = Debug|Any CPU
		{21CBF229-6EDB-4795-B121-B1CFC0B5607A}.Debug|x64.Build.0 = Debug|Any CPU
		{21CBF229-6EDB-4795-B121-B1CFC0B5607A}.Debug|x64.Deploy.0 = Debug|Any CPU
		{21CBF229-6EDB-4795-B121-B1CFC0B5607A}.Debug|x86.ActiveCfg = Debug|Any CPU
		{21CBF229-6EDB-4795-B121-B1CFC0B5607A}.Debug|x86.Build.0 = Debug|Any CPU
		{21CBF229-6EDB-4795-B121-B1CFC0B5607A}.Debug|x86.Deploy.0 = Debug|Any CPU
		{21CBF229-6EDB-4795-B121-B1CFC0B5607A}.Release|Any CPU.ActiveCfg = Release|Any CPU
		{21CBF229-6EDB-4795-B121-B1CFC0B5607A}.Release|Any CPU.Build.0 = Release|Any CPU
		{21CBF229-6EDB-4795-B121-B1CFC0B5607A}.Release|Any CPU.Deploy.0 = Release|Any CPU
		{21CBF229-6EDB-4795-B121-B1CFC0B5607A}.Release|x64.ActiveCfg = Release|Any CPU
		{21CBF229-6EDB-4795-B121-B1CFC0B5607A}.Release|x64.Build.0 = Release|Any CPU
		{21CBF229-6EDB-4795-B121-B1CFC0B5607A}.Release|x64.Deploy.0 = Release|Any CPU
		{21CBF229-6EDB-4795-B121-B1CFC0B5607A}.Release|x86.ActiveCfg = Release|Any CPU
		{21CBF229-6EDB-4795-B121-B1CFC0B5607A}.Release|x86.Build.0 = Release|Any CPU
		{21CBF229-6EDB-4795-B121-B1CFC0B5607A}.Release|x86.Deploy.0 = Release|Any CPU
		{8A314D18-8FA0-4D17-AA0F-CB5A1979EBA1}.Debug|Any CPU.ActiveCfg = Debug|Any CPU
		{8A314D18-8FA0-4D17-AA0F-CB5A1979EBA1}.Debug|Any CPU.Build.0 = Debug|Any CPU
		{8A314D18-8FA0-4D17-AA0F-CB5A1979EBA1}.Debug|x64.ActiveCfg = Debug|Any CPU
		{8A314D18-8FA0-4D17-AA0F-CB5A1979EBA1}.Debug|x64.Build.0 = Debug|Any CPU
		{8A314D18-8FA0-4D17-AA0F-CB5A1979EBA1}.Debug|x86.ActiveCfg = Debug|Any CPU
		{8A314D18-8FA0-4D17-AA0F-CB5A1979EBA1}.Debug|x86.Build.0 = Debug|Any CPU
		{8A314D18-8FA0-4D17-AA0F-CB5A1979EBA1}.Release|Any CPU.ActiveCfg = Release|Any CPU
		{8A314D18-8FA0-4D17-AA0F-CB5A1979EBA1}.Release|Any CPU.Build.0 = Release|Any CPU
		{8A314D18-8FA0-4D17-AA0F-CB5A1979EBA1}.Release|x64.ActiveCfg = Release|Any CPU
		{8A314D18-8FA0-4D17-AA0F-CB5A1979EBA1}.Release|x64.Build.0 = Release|Any CPU
		{8A314D18-8FA0-4D17-AA0F-CB5A1979EBA1}.Release|x86.ActiveCfg = Release|Any CPU
		{8A314D18-8FA0-4D17-AA0F-CB5A1979EBA1}.Release|x86.Build.0 = Release|Any CPU
		{80060908-AE06-4A9E-BEB3-63797FBF43C6}.Debug|Any CPU.ActiveCfg = Debug|Any CPU
		{80060908-AE06-4A9E-BEB3-63797FBF43C6}.Debug|Any CPU.Build.0 = Debug|Any CPU
		{80060908-AE06-4A9E-BEB3-63797FBF43C6}.Debug|Any CPU.Deploy.0 = Debug|Any CPU
		{80060908-AE06-4A9E-BEB3-63797FBF43C6}.Debug|x64.ActiveCfg = Debug|Any CPU
		{80060908-AE06-4A9E-BEB3-63797FBF43C6}.Debug|x64.Build.0 = Debug|Any CPU
		{80060908-AE06-4A9E-BEB3-63797FBF43C6}.Debug|x64.Deploy.0 = Debug|Any CPU
		{80060908-AE06-4A9E-BEB3-63797FBF43C6}.Debug|x86.ActiveCfg = Debug|Any CPU
		{80060908-AE06-4A9E-BEB3-63797FBF43C6}.Debug|x86.Build.0 = Debug|Any CPU
		{80060908-AE06-4A9E-BEB3-63797FBF43C6}.Debug|x86.Deploy.0 = Debug|Any CPU
		{80060908-AE06-4A9E-BEB3-63797FBF43C6}.Release|Any CPU.ActiveCfg = Release|Any CPU
		{80060908-AE06-4A9E-BEB3-63797FBF43C6}.Release|Any CPU.Build.0 = Release|Any CPU
		{80060908-AE06-4A9E-BEB3-63797FBF43C6}.Release|Any CPU.Deploy.0 = Release|Any CPU
		{80060908-AE06-4A9E-BEB3-63797FBF43C6}.Release|x64.ActiveCfg = Release|Any CPU
		{80060908-AE06-4A9E-BEB3-63797FBF43C6}.Release|x64.Build.0 = Release|Any CPU
		{80060908-AE06-4A9E-BEB3-63797FBF43C6}.Release|x64.Deploy.0 = Release|Any CPU
		{80060908-AE06-4A9E-BEB3-63797FBF43C6}.Release|x86.ActiveCfg = Release|Any CPU
		{80060908-AE06-4A9E-BEB3-63797FBF43C6}.Release|x86.Build.0 = Release|Any CPU
		{80060908-AE06-4A9E-BEB3-63797FBF43C6}.Release|x86.Deploy.0 = Release|Any CPU
		{D0A324FE-1E4D-47F7-8244-BF28D72F59DB}.Debug|Any CPU.ActiveCfg = Debug|Any CPU
		{D0A324FE-1E4D-47F7-8244-BF28D72F59DB}.Debug|Any CPU.Build.0 = Debug|Any CPU
		{D0A324FE-1E4D-47F7-8244-BF28D72F59DB}.Debug|x64.ActiveCfg = Debug|Any CPU
		{D0A324FE-1E4D-47F7-8244-BF28D72F59DB}.Debug|x64.Build.0 = Debug|Any CPU
		{D0A324FE-1E4D-47F7-8244-BF28D72F59DB}.Debug|x86.ActiveCfg = Debug|Any CPU
		{D0A324FE-1E4D-47F7-8244-BF28D72F59DB}.Debug|x86.Build.0 = Debug|Any CPU
		{D0A324FE-1E4D-47F7-8244-BF28D72F59DB}.Release|Any CPU.ActiveCfg = Release|Any CPU
		{D0A324FE-1E4D-47F7-8244-BF28D72F59DB}.Release|Any CPU.Build.0 = Release|Any CPU
		{D0A324FE-1E4D-47F7-8244-BF28D72F59DB}.Release|x64.ActiveCfg = Release|Any CPU
		{D0A324FE-1E4D-47F7-8244-BF28D72F59DB}.Release|x64.Build.0 = Release|Any CPU
		{D0A324FE-1E4D-47F7-8244-BF28D72F59DB}.Release|x86.ActiveCfg = Release|Any CPU
		{D0A324FE-1E4D-47F7-8244-BF28D72F59DB}.Release|x86.Build.0 = Release|Any CPU
	EndGlobalSection
	GlobalSection(SolutionProperties) = preSolution
		HideSolutionNode = FALSE
	EndGlobalSection
	GlobalSection(NestedProjects) = preSolution
		{536B0CE0-800D-4AF9-8437-806AE532C5E5} = {6F7A09E6-2D67-4A28-BBE1-F36A4A22D55C}
		{72F8BD68-A455-4277-A604-3D0941DE578F} = {6F7A09E6-2D67-4A28-BBE1-F36A4A22D55C}
		{88847F56-C7F1-4069-A165-FD8F319F7EC4} = {6F7A09E6-2D67-4A28-BBE1-F36A4A22D55C}
		{F124BF3A-046E-4DF6-9F29-71B7ED1C8F9E} = {C56EFC75-C71C-486C-A856-DA641FEF4B32}
		{8A314D18-8FA0-4D17-AA0F-CB5A1979EBA1} = {C56EFC75-C71C-486C-A856-DA641FEF4B32}
		{80060908-AE06-4A9E-BEB3-63797FBF43C6} = {F124BF3A-046E-4DF6-9F29-71B7ED1C8F9E}
		{D0A324FE-1E4D-47F7-8244-BF28D72F59DB} = {F124BF3A-046E-4DF6-9F29-71B7ED1C8F9E}
	EndGlobalSection
	GlobalSection(ExtensibilityGlobals) = postSolution
		SolutionGuid = {6926E57F-D3E1-4CF9-AFD3-F57488E77DCD}
	EndGlobalSection
EndGlobal
