
Microsoft Visual Studio Solution File, Format Version 12.00
# Visual Studio Version 17
VisualStudioVersion = 17.8.34330.188
MinimumVisualStudioVersion = 10.0.40219.1
Project("{9A19103F-16F7-4668-BE54-9A1E7A4F7556}") = "CMS", "src\CMS\CMS.csproj", "{12DB45FD-921F-4610-A4D0-15E5A7449FAF}"
EndProject
Project("{9A19103F-16F7-4668-BE54-9A1E7A4F7556}") = "Core", "src\Core\Core.csproj", "{6576F2DE-C841-414B-AE62-6A531FE535E8}"
EndProject
Project("{2150E333-8FDC-42A3-9474-1A3956D46DE8}") = "src", "src", "{165DD3A8-8E81-40E7-B77B-5EC5D8783568}"
EndProject
Project("{2150E333-8FDC-42A3-9474-1A3956D46DE8}") = "tests", "tests", "{243E81FE-DD79-4227-AA13-CFFE38E96D8B}"
EndProject
Project("{9A19103F-16F7-4668-BE54-9A1E7A4F7556}") = "PublicWebsite", "src\PublicWebsite\PublicWebsite.csproj", "{41E7A9B3-9BF6-47E2-AE2F-6D9549388C31}"
EndProject
Project("{9A19103F-16F7-4668-BE54-9A1E7A4F7556}") = "Core.UnitTests", "tests\Core.UnitTests\Core.UnitTests.csproj", "{C0F252B9-FFD5-478B-8875-F765204BEC28}"
EndProject
Global
	GlobalSection(SolutionConfigurationPlatforms) = preSolution
		Debug|Any CPU = Debug|Any CPU
		Debug|x64 = Debug|x64
		Debug|x86 = Debug|x86
		Release|Any CPU = Release|Any CPU
		Release|x64 = Release|x64
		Release|x86 = Release|x86
	EndGlobalSection
	GlobalSection(ProjectConfigurationPlatforms) = postSolution
		{12DB45FD-921F-4610-A4D0-15E5A7449FAF}.Debug|Any CPU.ActiveCfg = Debug|Any CPU
		{12DB45FD-921F-4610-A4D0-15E5A7449FAF}.Debug|Any CPU.Build.0 = Debug|Any CPU
		{12DB45FD-921F-4610-A4D0-15E5A7449FAF}.Debug|x64.ActiveCfg = Debug|Any CPU
		{12DB45FD-921F-4610-A4D0-15E5A7449FAF}.Debug|x64.Build.0 = Debug|Any CPU
		{12DB45FD-921F-4610-A4D0-15E5A7449FAF}.Debug|x86.ActiveCfg = Debug|Any CPU
		{12DB45FD-921F-4610-A4D0-15E5A7449FAF}.Debug|x86.Build.0 = Debug|Any CPU
		{12DB45FD-921F-4610-A4D0-15E5A7449FAF}.Release|Any CPU.ActiveCfg = Release|Any CPU
		{12DB45FD-921F-4610-A4D0-15E5A7449FAF}.Release|Any CPU.Build.0 = Release|Any CPU
		{12DB45FD-921F-4610-A4D0-15E5A7449FAF}.Release|x64.ActiveCfg = Release|Any CPU
		{12DB45FD-921F-4610-A4D0-15E5A7449FAF}.Release|x64.Build.0 = Release|Any CPU
		{12DB45FD-921F-4610-A4D0-15E5A7449FAF}.Release|x86.ActiveCfg = Release|Any CPU
		{12DB45FD-921F-4610-A4D0-15E5A7449FAF}.Release|x86.Build.0 = Release|Any CPU
		{6576F2DE-C841-414B-AE62-6A531FE535E8}.Debug|Any CPU.ActiveCfg = Debug|Any CPU
		{6576F2DE-C841-414B-AE62-6A531FE535E8}.Debug|Any CPU.Build.0 = Debug|Any CPU
		{6576F2DE-C841-414B-AE62-6A531FE535E8}.Debug|x64.ActiveCfg = Debug|Any CPU
		{6576F2DE-C841-414B-AE62-6A531FE535E8}.Debug|x64.Build.0 = Debug|Any CPU
		{6576F2DE-C841-414B-AE62-6A531FE535E8}.Debug|x86.ActiveCfg = Debug|Any CPU
		{6576F2DE-C841-414B-AE62-6A531FE535E8}.Debug|x86.Build.0 = Debug|Any CPU
		{6576F2DE-C841-414B-AE62-6A531FE535E8}.Release|Any CPU.ActiveCfg = Release|Any CPU
		{6576F2DE-C841-414B-AE62-6A531FE535E8}.Release|Any CPU.Build.0 = Release|Any CPU
		{6576F2DE-C841-414B-AE62-6A531FE535E8}.Release|x64.ActiveCfg = Release|Any CPU
		{6576F2DE-C841-414B-AE62-6A531FE535E8}.Release|x64.Build.0 = Release|Any CPU
		{6576F2DE-C841-414B-AE62-6A531FE535E8}.Release|x86.ActiveCfg = Release|Any CPU
		{6576F2DE-C841-414B-AE62-6A531FE535E8}.Release|x86.Build.0 = Release|Any CPU
		{41E7A9B3-9BF6-47E2-AE2F-6D9549388C31}.Debug|Any CPU.ActiveCfg = Debug|Any CPU
		{41E7A9B3-9BF6-47E2-AE2F-6D9549388C31}.Debug|Any CPU.Build.0 = Debug|Any CPU
		{41E7A9B3-9BF6-47E2-AE2F-6D9549388C31}.Debug|x64.ActiveCfg = Debug|Any CPU
		{41E7A9B3-9BF6-47E2-AE2F-6D9549388C31}.Debug|x64.Build.0 = Debug|Any CPU
		{41E7A9B3-9BF6-47E2-AE2F-6D9549388C31}.Debug|x86.ActiveCfg = Debug|Any CPU
		{41E7A9B3-9BF6-47E2-AE2F-6D9549388C31}.Debug|x86.Build.0 = Debug|Any CPU
		{41E7A9B3-9BF6-47E2-AE2F-6D9549388C31}.Release|Any CPU.ActiveCfg = Release|Any CPU
		{41E7A9B3-9BF6-47E2-AE2F-6D9549388C31}.Release|Any CPU.Build.0 = Release|Any CPU
		{41E7A9B3-9BF6-47E2-AE2F-6D9549388C31}.Release|x64.ActiveCfg = Release|Any CPU
		{41E7A9B3-9BF6-47E2-AE2F-6D9549388C31}.Release|x64.Build.0 = Release|Any CPU
		{41E7A9B3-9BF6-47E2-AE2F-6D9549388C31}.Release|x86.ActiveCfg = Release|Any CPU
		{41E7A9B3-9BF6-47E2-AE2F-6D9549388C31}.Release|x86.Build.0 = Release|Any CPU
		{C0F252B9-FFD5-478B-8875-F765204BEC28}.Debug|Any CPU.ActiveCfg = Debug|Any CPU
		{C0F252B9-FFD5-478B-8875-F765204BEC28}.Debug|Any CPU.Build.0 = Debug|Any CPU
		{C0F252B9-FFD5-478B-8875-F765204BEC28}.Debug|x64.ActiveCfg = Debug|Any CPU
		{C0F252B9-FFD5-478B-8875-F765204BEC28}.Debug|x64.Build.0 = Debug|Any CPU
		{C0F252B9-FFD5-478B-8875-F765204BEC28}.Debug|x86.ActiveCfg = Debug|Any CPU
		{C0F252B9-FFD5-478B-8875-F765204BEC28}.Debug|x86.Build.0 = Debug|Any CPU
		{C0F252B9-FFD5-478B-8875-F765204BEC28}.Release|Any CPU.ActiveCfg = Release|Any CPU
		{C0F252B9-FFD5-478B-8875-F765204BEC28}.Release|Any CPU.Build.0 = Release|Any CPU
		{C0F252B9-FFD5-478B-8875-F765204BEC28}.Release|x64.ActiveCfg = Release|Any CPU
		{C0F252B9-FFD5-478B-8875-F765204BEC28}.Release|x64.Build.0 = Release|Any CPU
		{C0F252B9-FFD5-478B-8875-F765204BEC28}.Release|x86.ActiveCfg = Release|Any CPU
		{C0F252B9-FFD5-478B-8875-F765204BEC28}.Release|x86.Build.0 = Release|Any CPU
	EndGlobalSection
	GlobalSection(SolutionProperties) = preSolution
		HideSolutionNode = FALSE
	EndGlobalSection
	GlobalSection(NestedProjects) = preSolution
		{12DB45FD-921F-4610-A4D0-15E5A7449FAF} = {165DD3A8-8E81-40E7-B77B-5EC5D8783568}
		{6576F2DE-C841-414B-AE62-6A531FE535E8} = {165DD3A8-8E81-40E7-B77B-5EC5D8783568}
		{41E7A9B3-9BF6-47E2-AE2F-6D9549388C31} = {165DD3A8-8E81-40E7-B77B-5EC5D8783568}
		{C0F252B9-FFD5-478B-8875-F765204BEC28} = {243E81FE-DD79-4227-AA13-CFFE38E96D8B}
	EndGlobalSection
	GlobalSection(ExtensibilityGlobals) = postSolution
		SolutionGuid = {52B1BC17-51BF-4DCA-9208-7B9D30E813FC}
	EndGlobalSection
EndGlobal
