
Microsoft Visual Studio Solution File, Format Version 12.00
# Visual Studio Version 17
VisualStudioVersion = 17.0.32112.339
MinimumVisualStudioVersion = 10.0.40219.1
Project("{2150E333-8FDC-42A3-9474-1A3956D46DE8}") = "Lib", "Lib", "{6F7A09E6-2D67-4A28-BBE1-F36A4A22D55C}"
EndProject
Project("{9A19103F-16F7-4668-BE54-9A1E7A4F7556}") = "Public", "Web\Public\Public.csproj", "{9B461D7D-1689-44F1-AB58-000CA134C2E9}"
EndProject
Project("{9A19103F-16F7-4668-BE54-9A1E7A4F7556}") = "CMS", "Web\CMS\CMS.csproj", "{2802F0B1-BFAA-429E-8237-D70D529EC759}"
EndProject
Project("{9A19103F-16F7-4668-BE54-9A1E7A4F7556}") = "Media", "Lib\Media\Media.csproj", "{536B0CE0-800D-4AF9-8437-806AE532C5E5}"
EndProject
Project("{9A19103F-16F7-4668-BE54-9A1E7A4F7556}") = "Static", "Web\Static\Static.csproj", "{A7BE3B73-3601-49B7-A759-2ABEF3F1B78B}"
EndProject
Project("{9A19103F-16F7-4668-BE54-9A1E7A4F7556}") = "ArticleTranslator", "Lib\ArticleTranslator\ArticleTranslator.csproj", "{B68319C6-6742-43ED-964F-55F3E132D797}"
EndProject
Project("{2150E333-8FDC-42A3-9474-1A3956D46DE8}") = "Web", "Web", "{C8673E9A-D3D8-4789-A2A4-FDFF4DA22A0E}"
EndProject
Project("{9A19103F-16F7-4668-BE54-9A1E7A4F7556}") = "ArticleTranslator.Tests", "Lib\ArticleTranslator.Tests\ArticleTranslator.Tests.csproj", "{0DD65432-4C60-4F10-9EE8-847490CA2A8B}"
EndProject
Project("{9A19103F-16F7-4668-BE54-9A1E7A4F7556}") = "Calendar", "Lib\Calendar\Calendar.csproj", "{8D2FC89A-C397-482D-9234-792E27CF98CC}"
EndProject
Project("{9A19103F-16F7-4668-BE54-9A1E7A4F7556}") = "Users", "Lib\Users\Users.csproj", "{444664A7-C531-4ACB-80AC-AE1999522C97}"
EndProject
Project("{2150E333-8FDC-42A3-9474-1A3956D46DE8}") = "API", "API", "{5E867539-D892-4AD1-8413-3DA50F690348}"
EndProject
Project("{9A19103F-16F7-4668-BE54-9A1E7A4F7556}") = "APIServer", "API\APIServer\APIServer.csproj", "{638DA4AD-2217-4AB0-A90A-7DDE2E2D4D05}"
EndProject
Project("{FAE04EC0-301F-11D3-BF4B-00C04F79EFBC}") = "APIClient", "API\APIClient\APIClient.csproj", "{F4A3D2D1-BA7A-4B49-B843-E8A3AAC46C82}"
EndProject
Global
	GlobalSection(SolutionConfigurationPlatforms) = preSolution
		Debug|Any CPU = Debug|Any CPU
		Release|Any CPU = Release|Any CPU
	EndGlobalSection
	GlobalSection(ProjectConfigurationPlatforms) = postSolution
		{9B461D7D-1689-44F1-AB58-000CA134C2E9}.Debug|Any CPU.ActiveCfg = Debug|Any CPU
		{9B461D7D-1689-44F1-AB58-000CA134C2E9}.Debug|Any CPU.Build.0 = Debug|Any CPU
		{9B461D7D-1689-44F1-AB58-000CA134C2E9}.Release|Any CPU.ActiveCfg = Release|Any CPU
		{9B461D7D-1689-44F1-AB58-000CA134C2E9}.Release|Any CPU.Build.0 = Release|Any CPU
		{2802F0B1-BFAA-429E-8237-D70D529EC759}.Debug|Any CPU.ActiveCfg = Debug|Any CPU
		{2802F0B1-BFAA-429E-8237-D70D529EC759}.Debug|Any CPU.Build.0 = Debug|Any CPU
		{2802F0B1-BFAA-429E-8237-D70D529EC759}.Release|Any CPU.ActiveCfg = Release|Any CPU
		{2802F0B1-BFAA-429E-8237-D70D529EC759}.Release|Any CPU.Build.0 = Release|Any CPU
		{536B0CE0-800D-4AF9-8437-806AE532C5E5}.Debug|Any CPU.ActiveCfg = Debug|Any CPU
		{536B0CE0-800D-4AF9-8437-806AE532C5E5}.Debug|Any CPU.Build.0 = Debug|Any CPU
		{536B0CE0-800D-4AF9-8437-806AE532C5E5}.Release|Any CPU.ActiveCfg = Release|Any CPU
		{536B0CE0-800D-4AF9-8437-806AE532C5E5}.Release|Any CPU.Build.0 = Release|Any CPU
		{A7BE3B73-3601-49B7-A759-2ABEF3F1B78B}.Debug|Any CPU.ActiveCfg = Debug|Any CPU
		{A7BE3B73-3601-49B7-A759-2ABEF3F1B78B}.Debug|Any CPU.Build.0 = Debug|Any CPU
		{A7BE3B73-3601-49B7-A759-2ABEF3F1B78B}.Release|Any CPU.ActiveCfg = Release|Any CPU
		{A7BE3B73-3601-49B7-A759-2ABEF3F1B78B}.Release|Any CPU.Build.0 = Release|Any CPU
		{B68319C6-6742-43ED-964F-55F3E132D797}.Debug|Any CPU.ActiveCfg = Debug|Any CPU
		{B68319C6-6742-43ED-964F-55F3E132D797}.Debug|Any CPU.Build.0 = Debug|Any CPU
		{B68319C6-6742-43ED-964F-55F3E132D797}.Release|Any CPU.ActiveCfg = Release|Any CPU
		{B68319C6-6742-43ED-964F-55F3E132D797}.Release|Any CPU.Build.0 = Release|Any CPU
		{0DD65432-4C60-4F10-9EE8-847490CA2A8B}.Debug|Any CPU.ActiveCfg = Debug|Any CPU
		{0DD65432-4C60-4F10-9EE8-847490CA2A8B}.Debug|Any CPU.Build.0 = Debug|Any CPU
		{0DD65432-4C60-4F10-9EE8-847490CA2A8B}.Release|Any CPU.ActiveCfg = Release|Any CPU
		{0DD65432-4C60-4F10-9EE8-847490CA2A8B}.Release|Any CPU.Build.0 = Release|Any CPU
		{8D2FC89A-C397-482D-9234-792E27CF98CC}.Debug|Any CPU.ActiveCfg = Debug|Any CPU
		{8D2FC89A-C397-482D-9234-792E27CF98CC}.Debug|Any CPU.Build.0 = Debug|Any CPU
		{8D2FC89A-C397-482D-9234-792E27CF98CC}.Release|Any CPU.ActiveCfg = Release|Any CPU
		{8D2FC89A-C397-482D-9234-792E27CF98CC}.Release|Any CPU.Build.0 = Release|Any CPU
		{444664A7-C531-4ACB-80AC-AE1999522C97}.Debug|Any CPU.ActiveCfg = Debug|Any CPU
		{444664A7-C531-4ACB-80AC-AE1999522C97}.Debug|Any CPU.Build.0 = Debug|Any CPU
		{444664A7-C531-4ACB-80AC-AE1999522C97}.Release|Any CPU.ActiveCfg = Release|Any CPU
		{444664A7-C531-4ACB-80AC-AE1999522C97}.Release|Any CPU.Build.0 = Release|Any CPU
		{638DA4AD-2217-4AB0-A90A-7DDE2E2D4D05}.Debug|Any CPU.ActiveCfg = Debug|Any CPU
		{638DA4AD-2217-4AB0-A90A-7DDE2E2D4D05}.Debug|Any CPU.Build.0 = Debug|Any CPU
		{638DA4AD-2217-4AB0-A90A-7DDE2E2D4D05}.Release|Any CPU.ActiveCfg = Release|Any CPU
		{638DA4AD-2217-4AB0-A90A-7DDE2E2D4D05}.Release|Any CPU.Build.0 = Release|Any CPU
		{F4A3D2D1-BA7A-4B49-B843-E8A3AAC46C82}.Debug|Any CPU.ActiveCfg = Debug|Any CPU
		{F4A3D2D1-BA7A-4B49-B843-E8A3AAC46C82}.Debug|Any CPU.Build.0 = Debug|Any CPU
		{F4A3D2D1-BA7A-4B49-B843-E8A3AAC46C82}.Release|Any CPU.ActiveCfg = Release|Any CPU
		{F4A3D2D1-BA7A-4B49-B843-E8A3AAC46C82}.Release|Any CPU.Build.0 = Release|Any CPU
	EndGlobalSection
	GlobalSection(SolutionProperties) = preSolution
		HideSolutionNode = FALSE
	EndGlobalSection
	GlobalSection(NestedProjects) = preSolution
		{9B461D7D-1689-44F1-AB58-000CA134C2E9} = {C8673E9A-D3D8-4789-A2A4-FDFF4DA22A0E}
		{2802F0B1-BFAA-429E-8237-D70D529EC759} = {C8673E9A-D3D8-4789-A2A4-FDFF4DA22A0E}
		{536B0CE0-800D-4AF9-8437-806AE532C5E5} = {6F7A09E6-2D67-4A28-BBE1-F36A4A22D55C}
		{A7BE3B73-3601-49B7-A759-2ABEF3F1B78B} = {C8673E9A-D3D8-4789-A2A4-FDFF4DA22A0E}
		{B68319C6-6742-43ED-964F-55F3E132D797} = {6F7A09E6-2D67-4A28-BBE1-F36A4A22D55C}
		{0DD65432-4C60-4F10-9EE8-847490CA2A8B} = {6F7A09E6-2D67-4A28-BBE1-F36A4A22D55C}
		{8D2FC89A-C397-482D-9234-792E27CF98CC} = {6F7A09E6-2D67-4A28-BBE1-F36A4A22D55C}
		{444664A7-C531-4ACB-80AC-AE1999522C97} = {6F7A09E6-2D67-4A28-BBE1-F36A4A22D55C}
		{638DA4AD-2217-4AB0-A90A-7DDE2E2D4D05} = {5E867539-D892-4AD1-8413-3DA50F690348}
		{F4A3D2D1-BA7A-4B49-B843-E8A3AAC46C82} = {5E867539-D892-4AD1-8413-3DA50F690348}
	EndGlobalSection
	GlobalSection(ExtensibilityGlobals) = postSolution
		SolutionGuid = {6926E57F-D3E1-4CF9-AFD3-F57488E77DCD}
	EndGlobalSection
EndGlobal
